{
  "name": "@brynghiffar/vect-crdt",
  "version": "0.0.0-alpha6",
  "lockfileVersion": 2,
  "requires": true,
  "packages": {
    "": {
      "name": "@brynghiffar/vect-crdt",
      "version": "0.0.0-alpha6",
      "license": "ISC",
      "dependencies": {
        "@brynghiffar/vect-crdt-js": "file:../pkg_js",
        "@brynghiffar/vect-crdt-rs": "file:../pkg"
      },
      "devDependencies": {
        "typescript": "^5.3.3"
      }
    },
    "../pkg": {
      "name": "@brynghiffar/vect-crdt-rs",
      "version": "0.1.0"
    },
    "../pkg_js": {
      "name": "@brynghiffar/vect-crdt-rs",
      "version": "0.1.0"
    },
    "node_modules/@brynghiffar/vect-crdt-js": {
      "resolved": "../pkg_js",
      "link": true
    },
    "node_modules/@brynghiffar/vect-crdt-rs": {
      "resolved": "../pkg",
      "link": true
    },
    "node_modules/typescript": {
      "version": "5.3.3",
      "dev": true,
      "license": "Apache-2.0",
      "bin": {
        "tsc": "bin/tsc",
        "tsserver": "bin/tsserver"
      },
      "engines": {
        "node": ">=14.17"
      }
    }
  },
  "dependencies": {
    "@brynghiffar/vect-crdt-js": {
      "version": "file:../pkg_js"
    },
    "@brynghiffar/vect-crdt-rs": {
      "version": "file:../pkg"
    },
    "typescript": {
      "version": "5.3.3",
      "dev": true
    }
  }
}
