{
  "name": "@brynghiffar/vect-crdt",
  "version": "0.0.0-alpha5",
  "lockfileVersion": 2,
  "requires": true,
  "packages": {
    "": {
      "name": "@brynghiffar/vect-crdt",
      "version": "0.0.0-alpha5",
      "license": "ISC",
      "dependencies": {
        "@brynghiffar/vect-crdt-rs": "^0.0.0-alpha3"
      },
      "devDependencies": {
        "typescript": "^5.3.3"
      }
    },
    "node_modules/@brynghiffar/vect-crdt-rs": {
      "version": "0.0.0-alpha3",
      "resolved": "https://registry.npmjs.org/@brynghiffar/vect-crdt-rs/-/vect-crdt-rs-0.0.0-alpha3.tgz",
      "integrity": "sha512-+HYjod503TNCo73QNYGllhcHYNDghD/kFvM/ZIAhNrNvfVnZxchUVgGmkHgkphtwgaJ452WXmM77f89PzUGizw=="
    },
    "node_modules/typescript": {
      "version": "5.3.3",
      "dev": true,
      "license": "Apache-2.0",
      "bin": {
        "tsc": "bin/tsc",
        "tsserver": "bin/tsserver"
      },
      "engines": {
        "node": ">=14.17"
      }
    }
  },
  "dependencies": {
    "@brynghiffar/vect-crdt-rs": {
      "version": "0.0.0-alpha3",
      "resolved": "https://registry.npmjs.org/@brynghiffar/vect-crdt-rs/-/vect-crdt-rs-0.0.0-alpha3.tgz",
      "integrity": "sha512-+HYjod503TNCo73QNYGllhcHYNDghD/kFvM/ZIAhNrNvfVnZxchUVgGmkHgkphtwgaJ452WXmM77f89PzUGizw=="
    },
    "typescript": {
      "version": "5.3.3",
      "dev": true
    }
  }
}
